<?xml version="1.0" encoding="utf-8"?>
<Project ToolsVersion="4.0" xmlns="http://schemas.microsoft.com/developer/msbuild/2003">
  <ItemGroup>
    <Filter Include="Source Files">
      <UniqueIdentifier>{4FC737F1-C7A5-4376-A066-2A32D752A2FF}</UniqueIdentifier>
      <Extensions>cpp;c;cc;cxx;def;odl;idl;hpj;bat;asm;asmx</Extensions>
    </Filter>
    <Filter Include="Header Files">
      <UniqueIdentifier>{93995380-89BD-4b04-88EB-625FBE52EBFB}</UniqueIdentifier>
      <Extensions>h;hh;hpp;hxx;hm;inl;inc;xsd</Extensions>
    </Filter>
    <Filter Include="Resource Files">
      <UniqueIdentifier>{67DA6AB6-F800-4c08-8B7A-83BB121AAD01}</UniqueIdentifier>
      <Extensions>rc;ico;cur;bmp;dlg;rc2;rct;bin;rgs;gif;jpg;jpeg;jpe;resx;tiff;tif;png;wav;mfcribbon-ms</Extensions>
    </Filter>
    <Filter Include="Readme">
      <UniqueIdentifier>{61754fce-ea52-4c63-950c-cf40e34c8059}</UniqueIdentifier>
    </Filter>
    <Filter Include="Header Files\serial">
      <UniqueIdentifier>{103f749f-3440-4f47-8936-66a45b6be6aa}</UniqueIdentifier>
    </Filter>
    <Filter Include="Source Files\serial">
      <UniqueIdentifier>{14843624-5b5f-4fec-b945-1770f543e9d9}</UniqueIdentifier>
    </Filter>
    <Filter Include="Misc">
      <UniqueIdentifier>{4e751b50-db48-47f5-a986-e2477a192afc}</UniqueIdentifier>
    </Filter>
  </ItemGroup>
  <ItemGroup>
    <ClCompile Include="src\Main.cpp">
      <Filter>Source Files</Filter>
    </ClCompile>
    <ClCompile Include="src\MyMainFrame.cpp">
      <Filter>Source Files</Filter>
    </ClCompile>
    <ClCompile Include="src\wxForm.cpp">
      <Filter>Source Files</Filter>
    </ClCompile>
    <ClCompile Include="src\serial\fifo.cpp">
      <Filter>Source Files\serial</Filter>
    </ClCompile>
    <ClCompile Include="src\serial\Serial_win.cpp">
      <Filter>Source Files\serial</Filter>
    </ClCompile>
    <ClCompile Include="src\serial\CoreCmd.cpp">
      <Filter>Source Files\serial</Filter>
    </ClCompile>
    <ClCompile Include="src\serial\TottoCmd.cpp">
      <Filter>Source Files\serial</Filter>
    </ClCompile>
    <ClCompile Include="src\DashboardFrame.cpp">
      <Filter>Source Files</Filter>
    </ClCompile>
  </ItemGroup>
  <ItemGroup>
    <ClInclude Include="src\Main.h">
      <Filter>Header Files</Filter>
    </ClInclude>
    <ClInclude Include="src\MyMainFrame.h">
      <Filter>Header Files</Filter>
    </ClInclude>
    <ClInclude Include="src\wxForm.h">
      <Filter>Header Files</Filter>
    </ClInclude>
    <ClInclude Include="src\serial\Serial.h">
      <Filter>Header Files\serial</Filter>
    </ClInclude>
    <ClInclude Include="src\serial\fifo.h">
      <Filter>Header Files\serial</Filter>
    </ClInclude>
    <ClInclude Include="src\serial\CoreCmd.h">
      <Filter>Header Files\serial</Filter>
    </ClInclude>
    <ClInclude Include="src\serial\TottoCmd.h">
      <Filter>Header Files\serial</Filter>
    </ClInclude>
    <ClInclude Include="src\DashboardFrame.h">
      <Filter>Header Files</Filter>
    </ClInclude>
  </ItemGroup>
  <ItemGroup>
    <None Include="LICENSE">
      <Filter>Readme</Filter>
    </None>
    <None Include="README.md">
      <Filter>Readme</Filter>
    </None>
    <None Include="src\makefile.mingw">
      <Filter>Misc</Filter>
    </None>
    <None Include="src\wxForm.fbp">
      <Filter>Misc</Filter>
    </None>
  </ItemGroup>
  <ItemGroup>
    <Image Include="src\res\tottoIcon.ico">
      <Filter>Resource Files</Filter>
    </Image>
  </ItemGroup>
  <ItemGroup>
    <ResourceCompile Include="src\res\tottoIcon.rc">
      <Filter>Resource Files</Filter>
    </ResourceCompile>
  </ItemGroup>
</Project>